// !$*UTF8*$!
{
	archiveVersion = 1;
	classes = {
	};
	objectVersion = 50;
	objects = {

/* Begin PBXBuildFile section */
		1C35005D21704C8500C6BF82 /* AppDelegate.swift in Sources */ = {isa = PBXBuildFile; fileRef = 1C35005C21704C8500C6BF82 /* AppDelegate.swift */; };
		1C35006221704C8500C6BF82 /* Main.storyboard in Resources */ = {isa = PBXBuildFile; fileRef = 1C35006021704C8500C6BF82 /* Main.storyboard */; };
		1C35006721704C8700C6BF82 /* LaunchScreen.storyboard in Resources */ = {isa = PBXBuildFile; fileRef = 1C35006521704C8700C6BF82 /* LaunchScreen.storyboard */; };
		1C35007221704C8700C6BF82 /* DefideDemoAppTests.swift in Sources */ = {isa = PBXBuildFile; fileRef = 1C35007121704C8700C6BF82 /* DefideDemoAppTests.swift */; };
		1C35007D21704C8700C6BF82 /* DefideDemoAppUITests.swift in Sources */ = {isa = PBXBuildFile; fileRef = 1C35007C21704C8700C6BF82 /* DefideDemoAppUITests.swift */; };
		1C35008D21704CE600C6BF82 /* HomeCollectionViewController.swift in Sources */ = {isa = PBXBuildFile; fileRef = 1C35008C21704CE600C6BF82 /* HomeCollectionViewController.swift */; };
		1C35009521704DBD00C6BF82 /* HomeCollectionViewCell.swift in Sources */ = {isa = PBXBuildFile; fileRef = 1C35009421704DBD00C6BF82 /* HomeCollectionViewCell.swift */; };
		1C35009721704E5E00C6BF82 /* HomeUIController.swift in Sources */ = {isa = PBXBuildFile; fileRef = 1C35009621704E5E00C6BF82 /* HomeUIController.swift */; };
		1C35009921704F6700C6BF82 /* HomeController.swift in Sources */ = {isa = PBXBuildFile; fileRef = 1C35009821704F6700C6BF82 /* HomeController.swift */; };
		1C35009B2170500400C6BF82 /* PhotoViewModel.swift in Sources */ = {isa = PBXBuildFile; fileRef = 1C35009A2170500400C6BF82 /* PhotoViewModel.swift */; };
		1C35009D2170500F00C6BF82 /* Photo.swift in Sources */ = {isa = PBXBuildFile; fileRef = 1C35009C2170500F00C6BF82 /* Photo.swift */; };
		1C35009F2170556A00C6BF82 /* Alert.swift in Sources */ = {isa = PBXBuildFile; fileRef = 1C35009E2170556A00C6BF82 /* Alert.swift */; };
		1C3500A52170577000C6BF82 /* Network.swift in Sources */ = {isa = PBXBuildFile; fileRef = 1C3500A42170577000C6BF82 /* Network.swift */; };
		1C3500A72170590A00C6BF82 /* UIState.swift in Sources */ = {isa = PBXBuildFile; fileRef = 1C3500A62170590A00C6BF82 /* UIState.swift */; };
		1C3500A92170612100C6BF82 /* ImageViewExtension.swift in Sources */ = {isa = PBXBuildFile; fileRef = 1C3500A82170612100C6BF82 /* ImageViewExtension.swift */; };
		1C3500AB2170619C00C6BF82 /* Cache.swift in Sources */ = {isa = PBXBuildFile; fileRef = 1C3500AA2170619C00C6BF82 /* Cache.swift */; };
		1C3500AC2170654000C6BF82 /* Assets.xcassets in Resources */ = {isa = PBXBuildFile; fileRef = 1C35006321704C8700C6BF82 /* Assets.xcassets */; };
		1C3500B021706DD600C6BF82 /* DetailViewController.swift in Sources */ = {isa = PBXBuildFile; fileRef = 1C3500AF21706DD600C6BF82 /* DetailViewController.swift */; };
		1C3500B32170798900C6BF82 /* Constant.swift in Sources */ = {isa = PBXBuildFile; fileRef = 1C3500B22170798900C6BF82 /* Constant.swift */; };
/* End PBXBuildFile section */

/* Begin PBXContainerItemProxy section */
		1C35006E21704C8700C6BF82 /* PBXContainerItemProxy */ = {
			isa = PBXContainerItemProxy;
			containerPortal = 1C35005121704C8500C6BF82 /* Project object */;
			proxyType = 1;
			remoteGlobalIDString = 1C35005821704C8500C6BF82;
			remoteInfo = DefideDemoApp;
		};
		1C35007921704C8700C6BF82 /* PBXContainerItemProxy */ = {
			isa = PBXContainerItemProxy;
			containerPortal = 1C35005121704C8500C6BF82 /* Project object */;
			proxyType = 1;
			remoteGlobalIDString = 1C35005821704C8500C6BF82;
			remoteInfo = DefideDemoApp;
		};
/* End PBXContainerItemProxy section */

/* Begin PBXFileReference section */
		1C35005921704C8500C6BF82 /* DefideDemoApp.app */ = {isa = PBXFileReference; explicitFileType = wrapper.application; includeInIndex = 0; path = DefideDemoApp.app; sourceTree = BUILT_PRODUCTS_DIR; };
		1C35005C21704C8500C6BF82 /* AppDelegate.swift */ = {isa = PBXFileReference; lastKnownFileType = sourcecode.swift; path = AppDelegate.swift; sourceTree = "<group>"; };
		1C35006121704C8500C6BF82 /* Base */ = {isa = PBXFileReference; lastKnownFileType = file.storyboard; name = Base; path = Base.lproj/Main.storyboard; sourceTree = "<group>"; };
		1C35006321704C8700C6BF82 /* Assets.xcassets */ = {isa = PBXFileReference; lastKnownFileType = folder.assetcatalog; path = Assets.xcassets; sourceTree = "<group>"; };
		1C35006621704C8700C6BF82 /* Base */ = {isa = PBXFileReference; lastKnownFileType = file.storyboard; name = Base; path = Base.lproj/LaunchScreen.storyboard; sourceTree = "<group>"; };
		1C35006821704C8700C6BF82 /* Info.plist */ = {isa = PBXFileReference; lastKnownFileType = text.plist.xml; path = Info.plist; sourceTree = "<group>"; };
		1C35006D21704C8700C6BF82 /* DefideDemoAppTests.xctest */ = {isa = PBXFileReference; explicitFileType = wrapper.cfbundle; includeInIndex = 0; path = DefideDemoAppTests.xctest; sourceTree = BUILT_PRODUCTS_DIR; };
		1C35007121704C8700C6BF82 /* DefideDemoAppTests.swift */ = {isa = PBXFileReference; lastKnownFileType = sourcecode.swift; path = DefideDemoAppTests.swift; sourceTree = "<group>"; };
		1C35007321704C8700C6BF82 /* Info.plist */ = {isa = PBXFileReference; lastKnownFileType = text.plist.xml; path = Info.plist; sourceTree = "<group>"; };
		1C35007821704C8700C6BF82 /* DefideDemoAppUITests.xctest */ = {isa = PBXFileReference; explicitFileType = wrapper.cfbundle; includeInIndex = 0; path = DefideDemoAppUITests.xctest; sourceTree = BUILT_PRODUCTS_DIR; };
		1C35007C21704C8700C6BF82 /* DefideDemoAppUITests.swift */ = {isa = PBXFileReference; lastKnownFileType = sourcecode.swift; path = DefideDemoAppUITests.swift; sourceTree = "<group>"; };
		1C35007E21704C8700C6BF82 /* Info.plist */ = {isa = PBXFileReference; lastKnownFileType = text.plist.xml; path = Info.plist; sourceTree = "<group>"; };
		1C35008C21704CE600C6BF82 /* HomeCollectionViewController.swift */ = {isa = PBXFileReference; lastKnownFileType = sourcecode.swift; path = HomeCollectionViewController.swift; sourceTree = "<group>"; };
		1C35009421704DBD00C6BF82 /* HomeCollectionViewCell.swift */ = {isa = PBXFileReference; lastKnownFileType = sourcecode.swift; path = HomeCollectionViewCell.swift; sourceTree = "<group>"; };
		1C35009621704E5E00C6BF82 /* HomeUIController.swift */ = {isa = PBXFileReference; lastKnownFileType = sourcecode.swift; path = HomeUIController.swift; sourceTree = "<group>"; };
		1C35009821704F6700C6BF82 /* HomeController.swift */ = {isa = PBXFileReference; lastKnownFileType = sourcecode.swift; path = HomeController.swift; sourceTree = "<group>"; };
		1C35009A2170500400C6BF82 /* PhotoViewModel.swift */ = {isa = PBXFileReference; lastKnownFileType = sourcecode.swift; path = PhotoViewModel.swift; sourceTree = "<group>"; };
		1C35009C2170500F00C6BF82 /* Photo.swift */ = {isa = PBXFileReference; lastKnownFileType = sourcecode.swift; path = Photo.swift; sourceTree = "<group>"; };
		1C35009E2170556A00C6BF82 /* Alert.swift */ = {isa = PBXFileReference; lastKnownFileType = sourcecode.swift; path = Alert.swift; sourceTree = "<group>"; };
		1C3500A42170577000C6BF82 /* Network.swift */ = {isa = PBXFileReference; lastKnownFileType = sourcecode.swift; path = Network.swift; sourceTree = "<group>"; };
		1C3500A62170590A00C6BF82 /* UIState.swift */ = {isa = PBXFileReference; lastKnownFileType = sourcecode.swift; path = UIState.swift; sourceTree = "<group>"; };
		1C3500A82170612100C6BF82 /* ImageViewExtension.swift */ = {isa = PBXFileReference; lastKnownFileType = sourcecode.swift; path = ImageViewExtension.swift; sourceTree = "<group>"; };
		1C3500AA2170619C00C6BF82 /* Cache.swift */ = {isa = PBXFileReference; lastKnownFileType = sourcecode.swift; path = Cache.swift; sourceTree = "<group>"; };
		1C3500AF21706DD600C6BF82 /* DetailViewController.swift */ = {isa = PBXFileReference; lastKnownFileType = sourcecode.swift; path = DetailViewController.swift; sourceTree = "<group>"; };
		1C3500B22170798900C6BF82 /* Constant.swift */ = {isa = PBXFileReference; lastKnownFileType = sourcecode.swift; path = Constant.swift; sourceTree = "<group>"; };
/* End PBXFileReference section */

/* Begin PBXFrameworksBuildPhase section */
		1C35005621704C8500C6BF82 /* Frameworks */ = {
			isa = PBXFrameworksBuildPhase;
			buildActionMask = 2147483647;
			files = (
			);
			runOnlyForDeploymentPostprocessing = 0;
		};
		1C35006A21704C8700C6BF82 /* Frameworks */ = {
			isa = PBXFrameworksBuildPhase;
			buildActionMask = 2147483647;
			files = (
			);
			runOnlyForDeploymentPostprocessing = 0;
		};
		1C35007521704C8700C6BF82 /* Frameworks */ = {
			isa = PBXFrameworksBuildPhase;
			buildActionMask = 2147483647;
			files = (
			);
			runOnlyForDeploymentPostprocessing = 0;
		};
/* End PBXFrameworksBuildPhase section */

/* Begin PBXGroup section */
		1C35005021704C8500C6BF82 = {
			isa = PBXGroup;
			children = (
				1C35005B21704C8500C6BF82 /* DefideDemoApp */,
				1C35007021704C8700C6BF82 /* DefideDemoAppTests */,
				1C35007B21704C8700C6BF82 /* DefideDemoAppUITests */,
				1C35005A21704C8500C6BF82 /* Products */,
			);
			sourceTree = "<group>";
		};
		1C35005A21704C8500C6BF82 /* Products */ = {
			isa = PBXGroup;
			children = (
				1C35005921704C8500C6BF82 /* DefideDemoApp.app */,
				1C35006D21704C8700C6BF82 /* DefideDemoAppTests.xctest */,
				1C35007821704C8700C6BF82 /* DefideDemoAppUITests.xctest */,
			);
			name = Products;
			sourceTree = "<group>";
		};
		1C35005B21704C8500C6BF82 /* DefideDemoApp */ = {
			isa = PBXGroup;
			children = (
				1C3500A32170570100C6BF82 /* App Delegate */,
				1C35008E21704CEF00C6BF82 /* Model */,
				1C35009021704CFC00C6BF82 /* View */,
				1C35008F21704CF400C6BF82 /* ViewModel */,
				1C35009121704D0000C6BF82 /* Controller */,
				1C35009221704D1A00C6BF82 /* Helper */,
				1C3500A0217056A000C6BF82 /* Result */,
				1C3500B12170734100C6BF82 /* Extensions */,
				1C35006821704C8700C6BF82 /* Info.plist */,
				1C3500A1217056AF00C6BF82 /* Resource */,
			);
			path = DefideDemoApp;
			sourceTree = "<group>";
		};
		1C35007021704C8700C6BF82 /* DefideDemoAppTests */ = {
			isa = PBXGroup;
			children = (
				1C35007121704C8700C6BF82 /* DefideDemoAppTests.swift */,
				1C35007321704C8700C6BF82 /* Info.plist */,
			);
			path = DefideDemoAppTests;
			sourceTree = "<group>";
		};
		1C35007B21704C8700C6BF82 /* DefideDemoAppUITests */ = {
			isa = PBXGroup;
			children = (
				1C35007C21704C8700C6BF82 /* DefideDemoAppUITests.swift */,
				1C35007E21704C8700C6BF82 /* Info.plist */,
			);
			path = DefideDemoAppUITests;
			sourceTree = "<group>";
		};
		1C35008E21704CEF00C6BF82 /* Model */ = {
			isa = PBXGroup;
			children = (
				1C35009C2170500F00C6BF82 /* Photo.swift */,
			);
			path = Model;
			sourceTree = "<group>";
		};
		1C35008F21704CF400C6BF82 /* ViewModel */ = {
			isa = PBXGroup;
			children = (
				1C35009A2170500400C6BF82 /* PhotoViewModel.swift */,
			);
			path = ViewModel;
			sourceTree = "<group>";
		};
		1C35009021704CFC00C6BF82 /* View */ = {
			isa = PBXGroup;
			children = (
				1C35006021704C8500C6BF82 /* Main.storyboard */,
				1C35006521704C8700C6BF82 /* LaunchScreen.storyboard */,
				1C35009321704DAA00C6BF82 /* Collection View Cells */,
				1C35009E2170556A00C6BF82 /* Alert.swift */,
			);
			path = View;
			sourceTree = "<group>";
		};
		1C35009121704D0000C6BF82 /* Controller */ = {
			isa = PBXGroup;
			children = (
				1C3500AD21706D9D00C6BF82 /* Home */,
				1C3500AE21706DAE00C6BF82 /* Detail */,
			);
			path = Controller;
			sourceTree = "<group>";
		};
		1C35009221704D1A00C6BF82 /* Helper */ = {
			isa = PBXGroup;
			children = (
				1C3500B22170798900C6BF82 /* Constant.swift */,
				1C3500A42170577000C6BF82 /* Network.swift */,
				1C3500AA2170619C00C6BF82 /* Cache.swift */,
			);
			path = Helper;
			sourceTree = "<group>";
		};
		1C35009321704DAA00C6BF82 /* Collection View Cells */ = {
			isa = PBXGroup;
			children = (
				1C35009421704DBD00C6BF82 /* HomeCollectionViewCell.swift */,
			);
			path = "Collection View Cells";
			sourceTree = "<group>";
		};
		1C3500A0217056A000C6BF82 /* Result */ = {
			isa = PBXGroup;
			children = (
				1C3500A62170590A00C6BF82 /* UIState.swift */,
			);
			path = Result;
			sourceTree = "<group>";
		};
		1C3500A1217056AF00C6BF82 /* Resource */ = {
			isa = PBXGroup;
			children = (
				1C35006321704C8700C6BF82 /* Assets.xcassets */,
			);
			path = Resource;
			sourceTree = "<group>";
		};
		1C3500A32170570100C6BF82 /* App Delegate */ = {
			isa = PBXGroup;
			children = (
				1C35005C21704C8500C6BF82 /* AppDelegate.swift */,
			);
			path = "App Delegate";
			sourceTree = "<group>";
		};
		1C3500AD21706D9D00C6BF82 /* Home */ = {
			isa = PBXGroup;
			children = (
				1C35008C21704CE600C6BF82 /* HomeCollectionViewController.swift */,
				1C35009621704E5E00C6BF82 /* HomeUIController.swift */,
				1C35009821704F6700C6BF82 /* HomeController.swift */,
			);
			path = Home;
			sourceTree = "<group>";
		};
		1C3500AE21706DAE00C6BF82 /* Detail */ = {
			isa = PBXGroup;
			children = (
				1C3500AF21706DD600C6BF82 /* DetailViewController.swift */,
			);
			path = Detail;
			sourceTree = "<group>";
		};
		1C3500B12170734100C6BF82 /* Extensions */ = {
			isa = PBXGroup;
			children = (
				1C3500A82170612100C6BF82 /* ImageViewExtension.swift */,
			);
			path = Extensions;
			sourceTree = "<group>";
		};
/* End PBXGroup section */

/* Begin PBXNativeTarget section */
		1C35005821704C8500C6BF82 /* DefideDemoApp */ = {
			isa = PBXNativeTarget;
			buildConfigurationList = 1C35008121704C8700C6BF82 /* Build configuration list for PBXNativeTarget "DefideDemoApp" */;
			buildPhases = (
				1C35005521704C8500C6BF82 /* Sources */,
				1C35005621704C8500C6BF82 /* Frameworks */,
				1C35005721704C8500C6BF82 /* Resources */,
			);
			buildRules = (
			);
			dependencies = (
			);
			name = DefideDemoApp;
			productName = DefideDemoApp;
			productReference = 1C35005921704C8500C6BF82 /* DefideDemoApp.app */;
			productType = "com.apple.product-type.application";
		};
		1C35006C21704C8700C6BF82 /* DefideDemoAppTests */ = {
			isa = PBXNativeTarget;
			buildConfigurationList = 1C35008421704C8700C6BF82 /* Build configuration list for PBXNativeTarget "DefideDemoAppTests" */;
			buildPhases = (
				1C35006921704C8700C6BF82 /* Sources */,
				1C35006A21704C8700C6BF82 /* Frameworks */,
				1C35006B21704C8700C6BF82 /* Resources */,
			);
			buildRules = (
			);
			dependencies = (
				1C35006F21704C8700C6BF82 /* PBXTargetDependency */,
			);
			name = DefideDemoAppTests;
			productName = DefideDemoAppTests;
			productReference = 1C35006D21704C8700C6BF82 /* DefideDemoAppTests.xctest */;
			productType = "com.apple.product-type.bundle.unit-test";
		};
		1C35007721704C8700C6BF82 /* DefideDemoAppUITests */ = {
			isa = PBXNativeTarget;
			buildConfigurationList = 1C35008721704C8700C6BF82 /* Build configuration list for PBXNativeTarget "DefideDemoAppUITests" */;
			buildPhases = (
				1C35007421704C8700C6BF82 /* Sources */,
				1C35007521704C8700C6BF82 /* Frameworks */,
				1C35007621704C8700C6BF82 /* Resources */,
			);
			buildRules = (
			);
			dependencies = (
				1C35007A21704C8700C6BF82 /* PBXTargetDependency */,
			);
			name = DefideDemoAppUITests;
			productName = DefideDemoAppUITests;
			productReference = 1C35007821704C8700C6BF82 /* DefideDemoAppUITests.xctest */;
			productType = "com.apple.product-type.bundle.ui-testing";
		};
/* End PBXNativeTarget section */

/* Begin PBXProject section */
		1C35005121704C8500C6BF82 /* Project object */ = {
			isa = PBXProject;
			attributes = {
				LastSwiftUpdateCheck = 1000;
				LastUpgradeCheck = 1000;
				ORGANIZATIONNAME = "Duy Le 2";
				TargetAttributes = {
					1C35005821704C8500C6BF82 = {
						CreatedOnToolsVersion = 10.0;
					};
					1C35006C21704C8700C6BF82 = {
						CreatedOnToolsVersion = 10.0;
						TestTargetID = 1C35005821704C8500C6BF82;
					};
					1C35007721704C8700C6BF82 = {
						CreatedOnToolsVersion = 10.0;
						TestTargetID = 1C35005821704C8500C6BF82;
					};
				};
			};
			buildConfigurationList = 1C35005421704C8500C6BF82 /* Build configuration list for PBXProject "DefideDemoApp" */;
			compatibilityVersion = "Xcode 9.3";
			developmentRegion = en;
			hasScannedForEncodings = 0;
			knownRegions = (
				en,
				Base,
			);
			mainGroup = 1C35005021704C8500C6BF82;
			productRefGroup = 1C35005A21704C8500C6BF82 /* Products */;
			projectDirPath = "";
			projectRoot = "";
			targets = (
				1C35005821704C8500C6BF82 /* DefideDemoApp */,
				1C35006C21704C8700C6BF82 /* DefideDemoAppTests */,
				1C35007721704C8700C6BF82 /* DefideDemoAppUITests */,
			);
		};
/* End PBXProject section */

/* Begin PBXResourcesBuildPhase section */
		1C35005721704C8500C6BF82 /* Resources */ = {
			isa = PBXResourcesBuildPhase;
			buildActionMask = 2147483647;
			files = (
				1C35006721704C8700C6BF82 /* LaunchScreen.storyboard in Resources */,
				1C3500AC2170654000C6BF82 /* Assets.xcassets in Resources */,
				1C35006221704C8500C6BF82 /* Main.storyboard in Resources */,
			);
			runOnlyForDeploymentPostprocessing = 0;
		};
		1C35006B21704C8700C6BF82 /* Resources */ = {
			isa = PBXResourcesBuildPhase;
			buildActionMask = 2147483647;
			files = (
			);
			runOnlyForDeploymentPostprocessing = 0;
		};
		1C35007621704C8700C6BF82 /* Resources */ = {
			isa = PBXResourcesBuildPhase;
			buildActionMask = 2147483647;
			files = (
			);
			runOnlyForDeploymentPostprocessing = 0;
		};
/* End PBXResourcesBuildPhase section */

/* Begin PBXSourcesBuildPhase section */
		1C35005521704C8500C6BF82 /* Sources */ = {
			isa = PBXSourcesBuildPhase;
			buildActionMask = 2147483647;
			files = (
				1C3500B021706DD600C6BF82 /* DetailViewController.swift in Sources */,
				1C35009D2170500F00C6BF82 /* Photo.swift in Sources */,
				1C35009721704E5E00C6BF82 /* HomeUIController.swift in Sources */,
				1C35009B2170500400C6BF82 /* PhotoViewModel.swift in Sources */,
				1C35005D21704C8500C6BF82 /* AppDelegate.swift in Sources */,
				1C35008D21704CE600C6BF82 /* HomeCollectionViewController.swift in Sources */,
				1C3500A52170577000C6BF82 /* Network.swift in Sources */,
				1C3500B32170798900C6BF82 /* Constant.swift in Sources */,
				1C3500A72170590A00C6BF82 /* UIState.swift in Sources */,
				1C3500A92170612100C6BF82 /* ImageViewExtension.swift in Sources */,
				1C35009521704DBD00C6BF82 /* HomeCollectionViewCell.swift in Sources */,
				1C35009F2170556A00C6BF82 /* Alert.swift in Sources */,
				1C3500AB2170619C00C6BF82 /* Cache.swift in Sources */,
				1C35009921704F6700C6BF82 /* HomeController.swift in Sources */,
			);
			runOnlyForDeploymentPostprocessing = 0;
		};
		1C35006921704C8700C6BF82 /* Sources */ = {
			isa = PBXSourcesBuildPhase;
			buildActionMask = 2147483647;
			files = (
				1C35007221704C8700C6BF82 /* DefideDemoAppTests.swift in Sources */,
			);
			runOnlyForDeploymentPostprocessing = 0;
		};
		1C35007421704C8700C6BF82 /* Sources */ = {
			isa = PBXSourcesBuildPhase;
			buildActionMask = 2147483647;
			files = (
				1C35007D21704C8700C6BF82 /* DefideDemoAppUITests.swift in Sources */,
			);
			runOnlyForDeploymentPostprocessing = 0;
		};
/* End PBXSourcesBuildPhase section */

/* Begin PBXTargetDependency section */
		1C35006F21704C8700C6BF82 /* PBXTargetDependency */ = {
			isa = PBXTargetDependency;
			target = 1C35005821704C8500C6BF82 /* DefideDemoApp */;
			targetProxy = 1C35006E21704C8700C6BF82 /* PBXContainerItemProxy */;
		};
		1C35007A21704C8700C6BF82 /* PBXTargetDependency */ = {
			isa = PBXTargetDependency;
			target = 1C35005821704C8500C6BF82 /* DefideDemoApp */;
			targetProxy = 1C35007921704C8700C6BF82 /* PBXContainerItemProxy */;
		};
/* End PBXTargetDependency section */

/* Begin PBXVariantGroup section */
		1C35006021704C8500C6BF82 /* Main.storyboard */ = {
			isa = PBXVariantGroup;
			children = (
				1C35006121704C8500C6BF82 /* Base */,
			);
			name = Main.storyboard;
			sourceTree = "<group>";
		};
		1C35006521704C8700C6BF82 /* LaunchScreen.storyboard */ = {
			isa = PBXVariantGroup;
			children = (
				1C35006621704C8700C6BF82 /* Base */,
			);
			name = LaunchScreen.storyboard;
			sourceTree = "<group>";
		};
/* End PBXVariantGroup section */

/* Begin XCBuildConfiguration section */
		1C35007F21704C8700C6BF82 /* Debug */ = {
			isa = XCBuildConfiguration;
			buildSettings = {
				ALWAYS_SEARCH_USER_PATHS = NO;
				CLANG_ANALYZER_NONNULL = YES;
				CLANG_ANALYZER_NUMBER_OBJECT_CONVERSION = YES_AGGRESSIVE;
				CLANG_CXX_LANGUAGE_STANDARD = "gnu++14";
				CLANG_CXX_LIBRARY = "libc++";
				CLANG_ENABLE_MODULES = YES;
				CLANG_ENABLE_OBJC_ARC = YES;
				CLANG_ENABLE_OBJC_WEAK = YES;
				CLANG_WARN_BLOCK_CAPTURE_AUTORELEASING = YES;
				CLANG_WARN_BOOL_CONVERSION = YES;
				CLANG_WARN_COMMA = YES;
				CLANG_WARN_CONSTANT_CONVERSION = YES;
				CLANG_WARN_DEPRECATED_OBJC_IMPLEMENTATIONS = YES;
				CLANG_WARN_DIRECT_OBJC_ISA_USAGE = YES_ERROR;
				CLANG_WARN_DOCUMENTATION_COMMENTS = YES;
				CLANG_WARN_EMPTY_BODY = YES;
				CLANG_WARN_ENUM_CONVERSION = YES;
				CLANG_WARN_INFINITE_RECURSION = YES;
				CLANG_WARN_INT_CONVERSION = YES;
				CLANG_WARN_NON_LITERAL_NULL_CONVERSION = YES;
				CLANG_WARN_OBJC_IMPLICIT_RETAIN_SELF = YES;
				CLANG_WARN_OBJC_LITERAL_CONVERSION = YES;
				CLANG_WARN_OBJC_ROOT_CLASS = YES_ERROR;
				CLANG_WARN_RANGE_LOOP_ANALYSIS = YES;
				CLANG_WARN_STRICT_PROTOTYPES = YES;
				CLANG_WARN_SUSPICIOUS_MOVE = YES;
				CLANG_WARN_UNGUARDED_AVAILABILITY = YES_AGGRESSIVE;
				CLANG_WARN_UNREACHABLE_CODE = YES;
				CLANG_WARN__DUPLICATE_METHOD_MATCH = YES;
				CODE_SIGN_IDENTITY = "iPhone Developer";
				COPY_PHASE_STRIP = NO;
				DEBUG_INFORMATION_FORMAT = dwarf;
				ENABLE_STRICT_OBJC_MSGSEND = YES;
				ENABLE_TESTABILITY = YES;
				GCC_C_LANGUAGE_STANDARD = gnu11;
				GCC_DYNAMIC_NO_PIC = NO;
				GCC_NO_COMMON_BLOCKS = YES;
				GCC_OPTIMIZATION_LEVEL = 0;
				GCC_PREPROCESSOR_DEFINITIONS = (
					"DEBUG=1",
					"$(inherited)",
				);
				GCC_WARN_64_TO_32_BIT_CONVERSION = YES;
				GCC_WARN_ABOUT_RETURN_TYPE = YES_ERROR;
				GCC_WARN_UNDECLARED_SELECTOR = YES;
				GCC_WARN_UNINITIALIZED_AUTOS = YES_AGGRESSIVE;
				GCC_WARN_UNUSED_FUNCTION = YES;
				GCC_WARN_UNUSED_VARIABLE = YES;
				IPHONEOS_DEPLOYMENT_TARGET = 12.0;
				MTL_ENABLE_DEBUG_INFO = INCLUDE_SOURCE;
				MTL_FAST_MATH = YES;
				ONLY_ACTIVE_ARCH = YES;
				SDKROOT = iphoneos;
				SWIFT_ACTIVE_COMPILATION_CONDITIONS = DEBUG;
				SWIFT_OPTIMIZATION_LEVEL = "-Onone";
			};
			name = Debug;
		};
		1C35008021704C8700C6BF82 /* Release */ = {
			isa = XCBuildConfiguration;
			buildSettings = {
				ALWAYS_SEARCH_USER_PATHS = NO;
				CLANG_ANALYZER_NONNULL = YES;
				CLANG_ANALYZER_NUMBER_OBJECT_CONVERSION = YES_AGGRESSIVE;
				CLANG_CXX_LANGUAGE_STANDARD = "gnu++14";
				CLANG_CXX_LIBRARY = "libc++";
				CLANG_ENABLE_MODULES = YES;
				CLANG_ENABLE_OBJC_ARC = YES;
				CLANG_ENABLE_OBJC_WEAK = YES;
				CLANG_WARN_BLOCK_CAPTURE_AUTORELEASING = YES;
				CLANG_WARN_BOOL_CONVERSION = YES;
				CLANG_WARN_COMMA = YES;
				CLANG_WARN_CONSTANT_CONVERSION = YES;
				CLANG_WARN_DEPRECATED_OBJC_IMPLEMENTATIONS = YES;
				CLANG_WARN_DIRECT_OBJC_ISA_USAGE = YES_ERROR;
				CLANG_WARN_DOCUMENTATION_COMMENTS = YES;
				CLANG_WARN_EMPTY_BODY = YES;
				CLANG_WARN_ENUM_CONVERSION = YES;
				CLANG_WARN_INFINITE_RECURSION = YES;
				CLANG_WARN_INT_CONVERSION = YES;
				CLANG_WARN_NON_LITERAL_NULL_CONVERSION = YES;
				CLANG_WARN_OBJC_IMPLICIT_RETAIN_SELF = YES;
				CLANG_WARN_OBJC_LITERAL_CONVERSION = YES;
				CLANG_WARN_OBJC_ROOT_CLASS = YES_ERROR;
				CLANG_WARN_RANGE_LOOP_ANALYSIS = YES;
				CLANG_WARN_STRICT_PROTOTYPES = YES;
				CLANG_WARN_SUSPICIOUS_MOVE = YES;
				CLANG_WARN_UNGUARDED_AVAILABILITY = YES_AGGRESSIVE;
				CLANG_WARN_UNREACHABLE_CODE = YES;
				CLANG_WARN__DUPLICATE_METHOD_MATCH = YES;
				CODE_SIGN_IDENTITY = "iPhone Developer";
				COPY_PHASE_STRIP = NO;
				DEBUG_INFORMATION_FORMAT = "dwarf-with-dsym";
				ENABLE_NS_ASSERTIONS = NO;
				ENABLE_STRICT_OBJC_MSGSEND = YES;
				GCC_C_LANGUAGE_STANDARD = gnu11;
				GCC_NO_COMMON_BLOCKS = YES;
				GCC_WARN_64_TO_32_BIT_CONVERSION = YES;
				GCC_WARN_ABOUT_RETURN_TYPE = YES_ERROR;
				GCC_WARN_UNDECLARED_SELECTOR = YES;
				GCC_WARN_UNINITIALIZED_AUTOS = YES_AGGRESSIVE;
				GCC_WARN_UNUSED_FUNCTION = YES;
				GCC_WARN_UNUSED_VARIABLE = YES;
				IPHONEOS_DEPLOYMENT_TARGET = 12.0;
				MTL_ENABLE_DEBUG_INFO = NO;
				MTL_FAST_MATH = YES;
				SDKROOT = iphoneos;
				SWIFT_COMPILATION_MODE = wholemodule;
				SWIFT_OPTIMIZATION_LEVEL = "-O";
				VALIDATE_PRODUCT = YES;
			};
			name = Release;
		};
		1C35008221704C8700C6BF82 /* Debug */ = {
			isa = XCBuildConfiguration;
			buildSettings = {
				ASSETCATALOG_COMPILER_APPICON_NAME = AppIcon;
				CODE_SIGN_STYLE = Automatic;
				DEVELOPMENT_TEAM = Y692F89PT8;
				INFOPLIST_FILE = DefideDemoApp/Info.plist;
				LD_RUNPATH_SEARCH_PATHS = (
					"$(inherited)",
					"@executable_path/Frameworks",
				);
				PRODUCT_BUNDLE_IDENTIFIER = "Duy-Le.DefideDemoApp";
				PRODUCT_NAME = "$(TARGET_NAME)";
				SWIFT_VERSION = 4.2;
				TARGETED_DEVICE_FAMILY = "1,2";
			};
			name = Debug;
		};
		1C35008321704C8700C6BF82 /* Release */ = {
			isa = XCBuildConfiguration;
			buildSettings = {
				ASSETCATALOG_COMPILER_APPICON_NAME = AppIcon;
				CODE_SIGN_STYLE = Automatic;
				DEVELOPMENT_TEAM = Y692F89PT8;
				INFOPLIST_FILE = DefideDemoApp/Info.plist;
				LD_RUNPATH_SEARCH_PATHS = (
					"$(inherited)",
					"@executable_path/Frameworks",
				);
				PRODUCT_BUNDLE_IDENTIFIER = "Duy-Le.DefideDemoApp";
				PRODUCT_NAME = "$(TARGET_NAME)";
				SWIFT_VERSION = 4.2;
				TARGETED_DEVICE_FAMILY = "1,2";
			};
			name = Release;
		};
		1C35008521704C8700C6BF82 /* Debug */ = {
			isa = XCBuildConfiguration;
			buildSettings = {
				ALWAYS_EMBED_SWIFT_STANDARD_LIBRARIES = YES;
				BUNDLE_LOADER = "$(TEST_HOST)";
				CODE_SIGN_STYLE = Automatic;
				DEVELOPMENT_TEAM = Y692F89PT8;
				INFOPLIST_FILE = DefideDemoAppTests/Info.plist;
				LD_RUNPATH_SEARCH_PATHS = (
					"$(inherited)",
					"@executable_path/Frameworks",
					"@loader_path/Frameworks",
				);
				PRODUCT_BUNDLE_IDENTIFIER = "Duy-Le.DefideDemoAppTests";
				PRODUCT_NAME = "$(TARGET_NAME)";
				SWIFT_VERSION = 4.2;
				TARGETED_DEVICE_FAMILY = "1,2";
				TEST_HOST = "$(BUILT_PRODUCTS_DIR)/DefideDemoApp.app/DefideDemoApp";
			};
			name = Debug;
		};
		1C35008621704C8700C6BF82 /* Release */ = {
			isa = XCBuildConfiguration;
			buildSettings = {
				ALWAYS_EMBED_SWIFT_STANDARD_LIBRARIES = YES;
				BUNDLE_LOADER = "$(TEST_HOST)";
				CODE_SIGN_STYLE = Automatic;
				DEVELOPMENT_TEAM = Y692F89PT8;
				INFOPLIST_FILE = DefideDemoAppTests/Info.plist;
				LD_RUNPATH_SEARCH_PATHS = (
					"$(inherited)",
					"@executable_path/Frameworks",
					"@loader_path/Frameworks",
				);
				PRODUCT_BUNDLE_IDENTIFIER = "Duy-Le.DefideDemoAppTests";
				PRODUCT_NAME = "$(TARGET_NAME)";
				SWIFT_VERSION = 4.2;
				TARGETED_DEVICE_FAMILY = "1,2";
				TEST_HOST = "$(BUILT_PRODUCTS_DIR)/DefideDemoApp.app/DefideDemoApp";
			};
			name = Release;
		};
		1C35008821704C8700C6BF82 /* Debug */ = {
			isa = XCBuildConfiguration;
			buildSettings = {
				ALWAYS_EMBED_SWIFT_STANDARD_LIBRARIES = YES;
				CODE_SIGN_STYLE = Automatic;
				DEVELOPMENT_TEAM = Y692F89PT8;
				INFOPLIST_FILE = DefideDemoAppUITests/Info.plist;
				LD_RUNPATH_SEARCH_PATHS = (
					"$(inherited)",
					"@executable_path/Frameworks",
					"@loader_path/Frameworks",
				);
				PRODUCT_BUNDLE_IDENTIFIER = "Duy-Le.DefideDemoAppUITests";
				PRODUCT_NAME = "$(TARGET_NAME)";
				SWIFT_VERSION = 4.2;
				TARGETED_DEVICE_FAMILY = "1,2";
				TEST_TARGET_NAME = DefideDemoApp;
			};
			name = Debug;
		};
		1C35008921704C8700C6BF82 /* Release */ = {
			isa = XCBuildConfiguration;
			buildSettings = {
				ALWAYS_EMBED_SWIFT_STANDARD_LIBRARIES = YES;
				CODE_SIGN_STYLE = Automatic;
				DEVELOPMENT_TEAM = Y692F89PT8;
				INFOPLIST_FILE = DefideDemoAppUITests/Info.plist;
				LD_RUNPATH_SEARCH_PATHS = (
					"$(inherited)",
					"@executable_path/Frameworks",
					"@loader_path/Frameworks",
				);
				PRODUCT_BUNDLE_IDENTIFIER = "Duy-Le.DefideDemoAppUITests";
				PRODUCT_NAME = "$(TARGET_NAME)";
				SWIFT_VERSION = 4.2;
				TARGETED_DEVICE_FAMILY = "1,2";
				TEST_TARGET_NAME = DefideDemoApp;
			};
			name = Release;
		};
/* End XCBuildConfiguration section */

/* Begin XCConfigurationList section */
		1C35005421704C8500C6BF82 /* Build configuration list for PBXProject "DefideDemoApp" */ = {
			isa = XCConfigurationList;
			buildConfigurations = (
				1C35007F21704C8700C6BF82 /* Debug */,
				1C35008021704C8700C6BF82 /* Release */,
			);
			defaultConfigurationIsVisible = 0;
			defaultConfigurationName = Release;
		};
		1C35008121704C8700C6BF82 /* Build configuration list for PBXNativeTarget "DefideDemoApp" */ = {
			isa = XCConfigurationList;
			buildConfigurations = (
				1C35008221704C8700C6BF82 /* Debug */,
				1C35008321704C8700C6BF82 /* Release */,
			);
			defaultConfigurationIsVisible = 0;
			defaultConfigurationName = Release;
		};
		1C35008421704C8700C6BF82 /* Build configuration list for PBXNativeTarget "DefideDemoAppTests" */ = {
			isa = XCConfigurationList;
			buildConfigurations = (
				1C35008521704C8700C6BF82 /* Debug */,
				1C35008621704C8700C6BF82 /* Release */,
			);
			defaultConfigurationIsVisible = 0;
			defaultConfigurationName = Release;
		};
		1C35008721704C8700C6BF82 /* Build configuration list for PBXNativeTarget "DefideDemoAppUITests" */ = {
			isa = XCConfigurationList;
			buildConfigurations = (
				1C35008821704C8700C6BF82 /* Debug */,
				1C35008921704C8700C6BF82 /* Release */,
			);
			defaultConfigurationIsVisible = 0;
			defaultConfigurationName = Release;
		};
/* End XCConfigurationList section */
	};
	rootObject = 1C35005121704C8500C6BF82 /* Project object */;
}
